
Microsoft Visual Studio Solution File, Format Version 12.00
# Visual Studio Version 17
VisualStudioVersion = 17.14.36717.8 d17.14
MinimumVisualStudioVersion = 10.0.40219.1
Project("{FAE04EC0-301F-11D3-BF4B-00C04F79EFBC}") = "DiplomaDictionary", "DiplomaDictionary\DiplomaDictionary.csproj", "{9EF5746F-1202-4366-8781-49B4E3185AED}"
EndProject
Project("{FAE04EC0-301F-11D3-BF4B-00C04F79EFBC}") = "DiplomaDictionary.Data", "DiplomaDictionary.Data\DiplomaDictionary.Data.csproj", "{3277AEF5-B702-4899-9561-3AD2E0C71278}"
EndProject
Project("{FAE04EC0-301F-11D3-BF4B-00C04F79EFBC}") = "DiplomaDictionary.Domain", "DiplomaDictionary.Domain\DiplomaDictionary.Domain.csproj", "{6362ECC0-82D4-429A-81B6-A9C02058739A}"
EndProject
Project("{FAE04EC0-301F-11D3-BF4B-00C04F79EFBC}") = "GrpcService", "GrpcService\GrpcService.csproj", "{67CD64C5-FDE5-488B-A30C-22B0085E13A2}"
EndProject
Project("{54A90642-561A-4BB1-A94E-469ADEE60C69}") = "k6-testing", "k6-testing\k6-testing.esproj", "{7991A2AB-08B9-1C4E-9E61-70165DA2ABF5}"
EndProject
Project("{2150E333-8FDC-42A3-9474-1A3956D46DE8}") = "docker-compose", "docker-compose", "{0F7FAB53-E77D-477F-A9A8-2309026D853F}"
	ProjectSection(SolutionItems) = preProject
		docker-compose.yml = docker-compose.yml
	EndProjectSection
EndProject
Global
	GlobalSection(SolutionConfigurationPlatforms) = preSolution
		Debug|Any CPU = Debug|Any CPU
		Release|Any CPU = Release|Any CPU
	EndGlobalSection
	GlobalSection(ProjectConfigurationPlatforms) = postSolution
		{9EF5746F-1202-4366-8781-49B4E3185AED}.Debug|Any CPU.ActiveCfg = Debug|Any CPU
		{9EF5746F-1202-4366-8781-49B4E3185AED}.Debug|Any CPU.Build.0 = Debug|Any CPU
		{9EF5746F-1202-4366-8781-49B4E3185AED}.Release|Any CPU.ActiveCfg = Release|Any CPU
		{9EF5746F-1202-4366-8781-49B4E3185AED}.Release|Any CPU.Build.0 = Release|Any CPU
		{3277AEF5-B702-4899-9561-3AD2E0C71278}.Debug|Any CPU.ActiveCfg = Debug|Any CPU
		{3277AEF5-B702-4899-9561-3AD2E0C71278}.Debug|Any CPU.Build.0 = Debug|Any CPU
		{3277AEF5-B702-4899-9561-3AD2E0C71278}.Release|Any CPU.ActiveCfg = Release|Any CPU
		{3277AEF5-B702-4899-9561-3AD2E0C71278}.Release|Any CPU.Build.0 = Release|Any CPU
		{6362ECC0-82D4-429A-81B6-A9C02058739A}.Debug|Any CPU.ActiveCfg = Debug|Any CPU
		{6362ECC0-82D4-429A-81B6-A9C02058739A}.Debug|Any CPU.Build.0 = Debug|Any CPU
		{6362ECC0-82D4-429A-81B6-A9C02058739A}.Release|Any CPU.ActiveCfg = Release|Any CPU
		{6362ECC0-82D4-429A-81B6-A9C02058739A}.Release|Any CPU.Build.0 = Release|Any CPU
		{67CD64C5-FDE5-488B-A30C-22B0085E13A2}.Debug|Any CPU.ActiveCfg = Debug|Any CPU
		{67CD64C5-FDE5-488B-A30C-22B0085E13A2}.Debug|Any CPU.Build.0 = Debug|Any CPU
		{67CD64C5-FDE5-488B-A30C-22B0085E13A2}.Release|Any CPU.ActiveCfg = Release|Any CPU
		{67CD64C5-FDE5-488B-A30C-22B0085E13A2}.Release|Any CPU.Build.0 = Release|Any CPU
		{7991A2AB-08B9-1C4E-9E61-70165DA2ABF5}.Debug|Any CPU.ActiveCfg = Debug|Any CPU
		{7991A2AB-08B9-1C4E-9E61-70165DA2ABF5}.Debug|Any CPU.Build.0 = Debug|Any CPU
		{7991A2AB-08B9-1C4E-9E61-70165DA2ABF5}.Debug|Any CPU.Deploy.0 = Debug|Any CPU
		{7991A2AB-08B9-1C4E-9E61-70165DA2ABF5}.Release|Any CPU.ActiveCfg = Release|Any CPU
		{7991A2AB-08B9-1C4E-9E61-70165DA2ABF5}.Release|Any CPU.Build.0 = Release|Any CPU
		{7991A2AB-08B9-1C4E-9E61-70165DA2ABF5}.Release|Any CPU.Deploy.0 = Release|Any CPU
	EndGlobalSection
	GlobalSection(SolutionProperties) = preSolution
		HideSolutionNode = FALSE
	EndGlobalSection
EndGlobal
